
Microsoft Visual Studio Solution File, Format Version 12.00
# Visual Studio Version 16
VisualStudioVersion = 16.0.30611.23
MinimumVisualStudioVersion = 10.0.40219.1
Project("{FAE04EC0-301F-11D3-BF4B-00C04F79EFBC}") = "MemoryGame", "MemoryGame\MemoryGame.csproj", "{2A5E45C2-18CF-4D5A-9471-F2FA5910DF89}"
EndProject
Global
	GlobalSection(SolutionConfigurationPlatforms) = preSolution
		Debug|Any CPU = Debug|Any CPU
		Release|Any CPU = Release|Any CPU
	EndGlobalSection
	GlobalSection(ProjectConfigurationPlatforms) = postSolution
		{2A5E45C2-18CF-4D5A-9471-F2FA5910DF89}.Debug|Any CPU.ActiveCfg = Debug|Any CPU
		{2A5E45C2-18CF-4D5A-9471-F2FA5910DF89}.Debug|Any CPU.Build.0 = Debug|Any CPU
		{2A5E45C2-18CF-4D5A-9471-F2FA5910DF89}.Release|Any CPU.ActiveCfg = Release|Any CPU
		{2A5E45C2-18CF-4D5A-9471-F2FA5910DF89}.Release|Any CPU.Build.0 = Release|Any CPU
	EndGlobalSection
	GlobalSection(SolutionProperties) = preSolution
		HideSolutionNode = FALSE
	EndGlobalSection
	GlobalSection(ExtensibilityGlobals) = postSolution
		SolutionGuid = {214DCFFB-5974-4873-AD47-FAF2BC4E52AD}
	EndGlobalSection
EndGlobal
